// !$*UTF8*$!
{
	archiveVersion = 1;
	classes = {
	};
	objectVersion = 77;
	objects = {

/* Begin PBXBuildFile section */
		0535AA87A5947589392FD63B /* Pods_torjolanUITests.framework in Frameworks */ = {isa = PBXBuildFile; fileRef = DEAB80D4E8B2916972C210AE /* Pods_torjolanUITests.framework */; };
		5719BD5A60ECAC954B849209 /* Pods_torjolanTests.framework in Frameworks */ = {isa = PBXBuildFile; fileRef = B9650A9CBB9AC7060158E4F6 /* Pods_torjolanTests.framework */; };
		DB4EBF35BA855826F9EC28FB /* Pods_torjolan.framework in Frameworks */ = {isa = PBXBuildFile; fileRef = B87C14B27C0B4D45E9691117 /* Pods_torjolan.framework */; };
/* End PBXBuildFile section */

/* Begin PBXContainerItemProxy section */
		C51D7CA12DD69BEE00E6D5EF /* PBXContainerItemProxy */ = {
			isa = PBXContainerItemProxy;
			containerPortal = C51D7C8A2DD69BEC00E6D5EF /* Project object */;
			proxyType = 1;
			remoteGlobalIDString = C51D7C912DD69BEC00E6D5EF;
			remoteInfo = torjolan;
		};
		C51D7CAB2DD69BEE00E6D5EF /* PBXContainerItemProxy */ = {
			isa = PBXContainerItemProxy;
			containerPortal = C51D7C8A2DD69BEC00E6D5EF /* Project object */;
			proxyType = 1;
			remoteGlobalIDString = C51D7C912DD69BEC00E6D5EF;
			remoteInfo = torjolan;
		};
/* End PBXContainerItemProxy section */

/* Begin PBXFileReference section */
		05EEAEF023DF1DD2EEB8B9B7 /* Pods-torjolan.debug.xcconfig */ = {isa = PBXFileReference; includeInIndex = 1; lastKnownFileType = text.xcconfig; name = "Pods-torjolan.debug.xcconfig"; path = "Target Support Files/Pods-torjolan/Pods-torjolan.debug.xcconfig"; sourceTree = "<group>"; };
		1A75774BC7EF25A46AB7ECE0 /* Pods-torjolanUITests.release.xcconfig */ = {isa = PBXFileReference; includeInIndex = 1; lastKnownFileType = text.xcconfig; name = "Pods-torjolanUITests.release.xcconfig"; path = "Target Support Files/Pods-torjolanUITests/Pods-torjolanUITests.release.xcconfig"; sourceTree = "<group>"; };
		42134D86729945F59BA8C85E /* Pods-torjolan-torjolanTests.debug.xcconfig */ = {isa = PBXFileReference; includeInIndex = 1; lastKnownFileType = text.xcconfig; name = "Pods-torjolan-torjolanTests.debug.xcconfig"; path = "Target Support Files/Pods-torjolan-torjolanTests/Pods-torjolan-torjolanTests.debug.xcconfig"; sourceTree = "<group>"; };
		5A6F676EEDA738C2F0513F0A /* Pods-torjolanTests.debug.xcconfig */ = {isa = PBXFileReference; includeInIndex = 1; lastKnownFileType = text.xcconfig; name = "Pods-torjolanTests.debug.xcconfig"; path = "Target Support Files/Pods-torjolanTests/Pods-torjolanTests.debug.xcconfig"; sourceTree = "<group>"; };
		69B66B5694E8D004396BE29F /* Pods-torjolanTests.release.xcconfig */ = {isa = PBXFileReference; includeInIndex = 1; lastKnownFileType = text.xcconfig; name = "Pods-torjolanTests.release.xcconfig"; path = "Target Support Files/Pods-torjolanTests/Pods-torjolanTests.release.xcconfig"; sourceTree = "<group>"; };
		867D097283147186AC84EA4E /* Pods-torjolan.release.xcconfig */ = {isa = PBXFileReference; includeInIndex = 1; lastKnownFileType = text.xcconfig; name = "Pods-torjolan.release.xcconfig"; path = "Target Support Files/Pods-torjolan/Pods-torjolan.release.xcconfig"; sourceTree = "<group>"; };
		9AE03BEA9E0C7618447022ED /* Pods-torjolan-torjolanUITests.release.xcconfig */ = {isa = PBXFileReference; includeInIndex = 1; lastKnownFileType = text.xcconfig; name = "Pods-torjolan-torjolanUITests.release.xcconfig"; path = "Target Support Files/Pods-torjolan-torjolanUITests/Pods-torjolan-torjolanUITests.release.xcconfig"; sourceTree = "<group>"; };
		A2CD92830B97D93375669040 /* Pods-torjolanUITests.debug.xcconfig */ = {isa = PBXFileReference; includeInIndex = 1; lastKnownFileType = text.xcconfig; name = "Pods-torjolanUITests.debug.xcconfig"; path = "Target Support Files/Pods-torjolanUITests/Pods-torjolanUITests.debug.xcconfig"; sourceTree = "<group>"; };
		B87C14B27C0B4D45E9691117 /* Pods_torjolan.framework */ = {isa = PBXFileReference; explicitFileType = wrapper.framework; includeInIndex = 0; path = Pods_torjolan.framework; sourceTree = BUILT_PRODUCTS_DIR; };
		B9650A9CBB9AC7060158E4F6 /* Pods_torjolanTests.framework */ = {isa = PBXFileReference; explicitFileType = wrapper.framework; includeInIndex = 0; path = Pods_torjolanTests.framework; sourceTree = BUILT_PRODUCTS_DIR; };
		C1EF1539F1D47F484541ECBD /* Pods-torjolan-torjolanTests.release.xcconfig */ = {isa = PBXFileReference; includeInIndex = 1; lastKnownFileType = text.xcconfig; name = "Pods-torjolan-torjolanTests.release.xcconfig"; path = "Target Support Files/Pods-torjolan-torjolanTests/Pods-torjolan-torjolanTests.release.xcconfig"; sourceTree = "<group>"; };
		C51D7C922DD69BEC00E6D5EF /* torjolan.app */ = {isa = PBXFileReference; explicitFileType = wrapper.application; includeInIndex = 0; path = torjolan.app; sourceTree = BUILT_PRODUCTS_DIR; };
		C51D7CA02DD69BEE00E6D5EF /* torjolanTests.xctest */ = {isa = PBXFileReference; explicitFileType = wrapper.cfbundle; includeInIndex = 0; path = torjolanTests.xctest; sourceTree = BUILT_PRODUCTS_DIR; };
		C51D7CAA2DD69BEE00E6D5EF /* torjolanUITests.xctest */ = {isa = PBXFileReference; explicitFileType = wrapper.cfbundle; includeInIndex = 0; path = torjolanUITests.xctest; sourceTree = BUILT_PRODUCTS_DIR; };
		DEAB80D4E8B2916972C210AE /* Pods_torjolanUITests.framework */ = {isa = PBXFileReference; explicitFileType = wrapper.framework; includeInIndex = 0; path = Pods_torjolanUITests.framework; sourceTree = BUILT_PRODUCTS_DIR; };
		E8FFA61A6F3026CD3891834E /* Pods-torjolan-torjolanUITests.debug.xcconfig */ = {isa = PBXFileReference; includeInIndex = 1; lastKnownFileType = text.xcconfig; name = "Pods-torjolan-torjolanUITests.debug.xcconfig"; path = "Target Support Files/Pods-torjolan-torjolanUITests/Pods-torjolan-torjolanUITests.debug.xcconfig"; sourceTree = "<group>"; };
/* End PBXFileReference section */

/* Begin PBXFileSystemSynchronizedBuildFileExceptionSet section */
		C5E6B0C52DD6D5B60026E5A3 /* Exceptions for "torjolan" folder in "torjolan" target */ = {
			isa = PBXFileSystemSynchronizedBuildFileExceptionSet;
			membershipExceptions = (
				Info.plist,
			);
			target = C51D7C912DD69BEC00E6D5EF /* torjolan */;
		};
/* End PBXFileSystemSynchronizedBuildFileExceptionSet section */

/* Begin PBXFileSystemSynchronizedRootGroup section */
		C51D7C942DD69BEC00E6D5EF /* torjolan */ = {
			isa = PBXFileSystemSynchronizedRootGroup;
			exceptions = (
				C5E6B0C52DD6D5B60026E5A3 /* Exceptions for "torjolan" folder in "torjolan" target */,
			);
			path = torjolan;
			sourceTree = "<group>";
		};
		C51D7CA32DD69BEE00E6D5EF /* torjolanTests */ = {
			isa = PBXFileSystemSynchronizedRootGroup;
			exceptions = (
			);
			path = torjolanTests;
			sourceTree = "<group>";
		};
		C51D7CAD2DD69BEE00E6D5EF /* torjolanUITests */ = {
			isa = PBXFileSystemSynchronizedRootGroup;
			exceptions = (
			);
			path = torjolanUITests;
			sourceTree = "<group>";
		};
/* End PBXFileSystemSynchronizedRootGroup section */

/* Begin PBXFrameworksBuildPhase section */
		C51D7C8F2DD69BEC00E6D5EF /* Frameworks */ = {
			isa = PBXFrameworksBuildPhase;
			buildActionMask = 2147483647;
			files = (
				DB4EBF35BA855826F9EC28FB /* Pods_torjolan.framework in Frameworks */,
			);
			runOnlyForDeploymentPostprocessing = 0;
		};
		C51D7C9D2DD69BEE00E6D5EF /* Frameworks */ = {
			isa = PBXFrameworksBuildPhase;
			buildActionMask = 2147483647;
			files = (
				5719BD5A60ECAC954B849209 /* Pods_torjolanTests.framework in Frameworks */,
			);
			runOnlyForDeploymentPostprocessing = 0;
		};
		C51D7CA72DD69BEE00E6D5EF /* Frameworks */ = {
			isa = PBXFrameworksBuildPhase;
			buildActionMask = 2147483647;
			files = (
				0535AA87A5947589392FD63B /* Pods_torjolanUITests.framework in Frameworks */,
			);
			runOnlyForDeploymentPostprocessing = 0;
		};
/* End PBXFrameworksBuildPhase section */

/* Begin PBXGroup section */
		7F8269335B74CEED0AD3EDC3 /* Pods */ = {
			isa = PBXGroup;
			children = (
				05EEAEF023DF1DD2EEB8B9B7 /* Pods-torjolan.debug.xcconfig */,
				867D097283147186AC84EA4E /* Pods-torjolan.release.xcconfig */,
				5A6F676EEDA738C2F0513F0A /* Pods-torjolanTests.debug.xcconfig */,
				69B66B5694E8D004396BE29F /* Pods-torjolanTests.release.xcconfig */,
				A2CD92830B97D93375669040 /* Pods-torjolanUITests.debug.xcconfig */,
				1A75774BC7EF25A46AB7ECE0 /* Pods-torjolanUITests.release.xcconfig */,
				42134D86729945F59BA8C85E /* Pods-torjolan-torjolanTests.debug.xcconfig */,
				C1EF1539F1D47F484541ECBD /* Pods-torjolan-torjolanTests.release.xcconfig */,
				E8FFA61A6F3026CD3891834E /* Pods-torjolan-torjolanUITests.debug.xcconfig */,
				9AE03BEA9E0C7618447022ED /* Pods-torjolan-torjolanUITests.release.xcconfig */,
			);
			path = Pods;
			sourceTree = "<group>";
		};
		C51D7C892DD69BEC00E6D5EF = {
			isa = PBXGroup;
			children = (
				C51D7C942DD69BEC00E6D5EF /* torjolan */,
				C51D7CA32DD69BEE00E6D5EF /* torjolanTests */,
				C51D7CAD2DD69BEE00E6D5EF /* torjolanUITests */,
				C51D7C932DD69BEC00E6D5EF /* Products */,
				7F8269335B74CEED0AD3EDC3 /* Pods */,
				E30CE6CA91BE0EAB9D59D9FF /* Frameworks */,
			);
			sourceTree = "<group>";
		};
		C51D7C932DD69BEC00E6D5EF /* Products */ = {
			isa = PBXGroup;
			children = (
				C51D7C922DD69BEC00E6D5EF /* torjolan.app */,
				C51D7CA02DD69BEE00E6D5EF /* torjolanTests.xctest */,
				C51D7CAA2DD69BEE00E6D5EF /* torjolanUITests.xctest */,
			);
			name = Products;
			sourceTree = "<group>";
		};
		E30CE6CA91BE0EAB9D59D9FF /* Frameworks */ = {
			isa = PBXGroup;
			children = (
				B87C14B27C0B4D45E9691117 /* Pods_torjolan.framework */,
				B9650A9CBB9AC7060158E4F6 /* Pods_torjolanTests.framework */,
				DEAB80D4E8B2916972C210AE /* Pods_torjolanUITests.framework */,
			);
			name = Frameworks;
			sourceTree = "<group>";
		};
/* End PBXGroup section */

/* Begin PBXNativeTarget section */
		C51D7C912DD69BEC00E6D5EF /* torjolan */ = {
			isa = PBXNativeTarget;
			buildConfigurationList = C51D7CB42DD69BEE00E6D5EF /* Build configuration list for PBXNativeTarget "torjolan" */;
			buildPhases = (
				DA06090A4519DD07B2456639 /* [CP] Check Pods Manifest.lock */,
				C51D7C8E2DD69BEC00E6D5EF /* Sources */,
				C51D7C8F2DD69BEC00E6D5EF /* Frameworks */,
				C51D7C902DD69BEC00E6D5EF /* Resources */,
			);
			buildRules = (
			);
			dependencies = (
			);
			fileSystemSynchronizedGroups = (
				C51D7C942DD69BEC00E6D5EF /* torjolan */,
			);
			name = torjolan;
			productName = torjolan;
			productReference = C51D7C922DD69BEC00E6D5EF /* torjolan.app */;
			productType = "com.apple.product-type.application";
		};
		C51D7C9F2DD69BEE00E6D5EF /* torjolanTests */ = {
			isa = PBXNativeTarget;
			buildConfigurationList = C51D7CB72DD69BEE00E6D5EF /* Build configuration list for PBXNativeTarget "torjolanTests" */;
			buildPhases = (
				DA893B8AFA6F2B386747091C /* [CP] Check Pods Manifest.lock */,
				C51D7C9C2DD69BEE00E6D5EF /* Sources */,
				C51D7C9D2DD69BEE00E6D5EF /* Frameworks */,
				C51D7C9E2DD69BEE00E6D5EF /* Resources */,
			);
			buildRules = (
			);
			dependencies = (
				C51D7CA22DD69BEE00E6D5EF /* PBXTargetDependency */,
			);
			fileSystemSynchronizedGroups = (
				C51D7CA32DD69BEE00E6D5EF /* torjolanTests */,
			);
			name = torjolanTests;
			productName = torjolanTests;
			productReference = C51D7CA02DD69BEE00E6D5EF /* torjolanTests.xctest */;
			productType = "com.apple.product-type.bundle.unit-test";
		};
		C51D7CA92DD69BEE00E6D5EF /* torjolanUITests */ = {
			isa = PBXNativeTarget;
			buildConfigurationList = C51D7CBA2DD69BEE00E6D5EF /* Build configuration list for PBXNativeTarget "torjolanUITests" */;
			buildPhases = (
				7A8D02EF74311BF1B7E327EF /* [CP] Check Pods Manifest.lock */,
				C51D7CA62DD69BEE00E6D5EF /* Sources */,
				C51D7CA72DD69BEE00E6D5EF /* Frameworks */,
				C51D7CA82DD69BEE00E6D5EF /* Resources */,
			);
			buildRules = (
			);
			dependencies = (
				C51D7CAC2DD69BEE00E6D5EF /* PBXTargetDependency */,
			);
			fileSystemSynchronizedGroups = (
				C51D7CAD2DD69BEE00E6D5EF /* torjolanUITests */,
			);
			name = torjolanUITests;
			productName = torjolanUITests;
			productReference = C51D7CAA2DD69BEE00E6D5EF /* torjolanUITests.xctest */;
			productType = "com.apple.product-type.bundle.ui-testing";
		};
/* End PBXNativeTarget section */

/* Begin PBXProject section */
		C51D7C8A2DD69BEC00E6D5EF /* Project object */ = {
			isa = PBXProject;
			attributes = {
				BuildIndependentTargetsInParallel = 1;
				LastSwiftUpdateCheck = 1630;
				LastUpgradeCheck = 1630;
				TargetAttributes = {
					C51D7C912DD69BEC00E6D5EF = {
						CreatedOnToolsVersion = 16.3;
					};
					C51D7C9F2DD69BEE00E6D5EF = {
						CreatedOnToolsVersion = 16.3;
						TestTargetID = C51D7C912DD69BEC00E6D5EF;
					};
					C51D7CA92DD69BEE00E6D5EF = {
						CreatedOnToolsVersion = 16.3;
						TestTargetID = C51D7C912DD69BEC00E6D5EF;
					};
				};
			};
			buildConfigurationList = C51D7C8D2DD69BEC00E6D5EF /* Build configuration list for PBXProject "torjolan" */;
			developmentRegion = en;
			hasScannedForEncodings = 0;
			knownRegions = (
				en,
				Base,
			);
			mainGroup = C51D7C892DD69BEC00E6D5EF;
			minimizedProjectReferenceProxies = 1;
			preferredProjectObjectVersion = 77;
			productRefGroup = C51D7C932DD69BEC00E6D5EF /* Products */;
			projectDirPath = "";
			projectRoot = "";
			targets = (
				C51D7C912DD69BEC00E6D5EF /* torjolan */,
				C51D7C9F2DD69BEE00E6D5EF /* torjolanTests */,
				C51D7CA92DD69BEE00E6D5EF /* torjolanUITests */,
			);
		};
/* End PBXProject section */

/* Begin PBXResourcesBuildPhase section */
		C51D7C902DD69BEC00E6D5EF /* Resources */ = {
			isa = PBXResourcesBuildPhase;
			buildActionMask = 2147483647;
			files = (
			);
			runOnlyForDeploymentPostprocessing = 0;
		};
		C51D7C9E2DD69BEE00E6D5EF /* Resources */ = {
			isa = PBXResourcesBuildPhase;
			buildActionMask = 2147483647;
			files = (
			);
			runOnlyForDeploymentPostprocessing = 0;
		};
		C51D7CA82DD69BEE00E6D5EF /* Resources */ = {
			isa = PBXResourcesBuildPhase;
			buildActionMask = 2147483647;
			files = (
			);
			runOnlyForDeploymentPostprocessing = 0;
		};
/* End PBXResourcesBuildPhase section */

/* Begin PBXShellScriptBuildPhase section */
		7A8D02EF74311BF1B7E327EF /* [CP] Check Pods Manifest.lock */ = {
			isa = PBXShellScriptBuildPhase;
			buildActionMask = 2147483647;
			files = (
			);
			inputFileListPaths = (
			);
			inputPaths = (
				"${PODS_PODFILE_DIR_PATH}/Podfile.lock",
				"${PODS_ROOT}/Manifest.lock",
			);
			name = "[CP] Check Pods Manifest.lock";
			outputFileListPaths = (
			);
			outputPaths = (
				"$(DERIVED_FILE_DIR)/Pods-torjolanUITests-checkManifestLockResult.txt",
			);
			runOnlyForDeploymentPostprocessing = 0;
			shellPath = /bin/sh;
			shellScript = "diff \"${PODS_PODFILE_DIR_PATH}/Podfile.lock\" \"${PODS_ROOT}/Manifest.lock\" > /dev/null\nif [ $? != 0 ] ; then\n    # print error to STDERR\n    echo \"error: The sandbox is not in sync with the Podfile.lock. Run 'pod install' or update your CocoaPods installation.\" >&2\n    exit 1\nfi\n# This output is used by Xcode 'outputs' to avoid re-running this script phase.\necho \"SUCCESS\" > \"${SCRIPT_OUTPUT_FILE_0}\"\n";
			showEnvVarsInLog = 0;
		};
		DA06090A4519DD07B2456639 /* [CP] Check Pods Manifest.lock */ = {
			isa = PBXShellScriptBuildPhase;
			buildActionMask = 2147483647;
			files = (
			);
			inputFileListPaths = (
			);
			inputPaths = (
				"${PODS_PODFILE_DIR_PATH}/Podfile.lock",
				"${PODS_ROOT}/Manifest.lock",
			);
			name = "[CP] Check Pods Manifest.lock";
			outputFileListPaths = (
			);
			outputPaths = (
				"$(DERIVED_FILE_DIR)/Pods-torjolan-checkManifestLockResult.txt",
			);
			runOnlyForDeploymentPostprocessing = 0;
			shellPath = /bin/sh;
			shellScript = "diff \"${PODS_PODFILE_DIR_PATH}/Podfile.lock\" \"${PODS_ROOT}/Manifest.lock\" > /dev/null\nif [ $? != 0 ] ; then\n    # print error to STDERR\n    echo \"error: The sandbox is not in sync with the Podfile.lock. Run 'pod install' or update your CocoaPods installation.\" >&2\n    exit 1\nfi\n# This output is used by Xcode 'outputs' to avoid re-running this script phase.\necho \"SUCCESS\" > \"${SCRIPT_OUTPUT_FILE_0}\"\n";
			showEnvVarsInLog = 0;
		};
		DA893B8AFA6F2B386747091C /* [CP] Check Pods Manifest.lock */ = {
			isa = PBXShellScriptBuildPhase;
			buildActionMask = 2147483647;
			files = (
			);
			inputFileListPaths = (
			);
			inputPaths = (
				"${PODS_PODFILE_DIR_PATH}/Podfile.lock",
				"${PODS_ROOT}/Manifest.lock",
			);
			name = "[CP] Check Pods Manifest.lock";
			outputFileListPaths = (
			);
			outputPaths = (
				"$(DERIVED_FILE_DIR)/Pods-torjolanTests-checkManifestLockResult.txt",
			);
			runOnlyForDeploymentPostprocessing = 0;
			shellPath = /bin/sh;
			shellScript = "diff \"${PODS_PODFILE_DIR_PATH}/Podfile.lock\" \"${PODS_ROOT}/Manifest.lock\" > /dev/null\nif [ $? != 0 ] ; then\n    # print error to STDERR\n    echo \"error: The sandbox is not in sync with the Podfile.lock. Run 'pod install' or update your CocoaPods installation.\" >&2\n    exit 1\nfi\n# This output is used by Xcode 'outputs' to avoid re-running this script phase.\necho \"SUCCESS\" > \"${SCRIPT_OUTPUT_FILE_0}\"\n";
			showEnvVarsInLog = 0;
		};
/* End PBXShellScriptBuildPhase section */

/* Begin PBXSourcesBuildPhase section */
		C51D7C8E2DD69BEC00E6D5EF /* Sources */ = {
			isa = PBXSourcesBuildPhase;
			buildActionMask = 2147483647;
			files = (
			);
			runOnlyForDeploymentPostprocessing = 0;
		};
		C51D7C9C2DD69BEE00E6D5EF /* Sources */ = {
			isa = PBXSourcesBuildPhase;
			buildActionMask = 2147483647;
			files = (
			);
			runOnlyForDeploymentPostprocessing = 0;
		};
		C51D7CA62DD69BEE00E6D5EF /* Sources */ = {
			isa = PBXSourcesBuildPhase;
			buildActionMask = 2147483647;
			files = (
			);
			runOnlyForDeploymentPostprocessing = 0;
		};
/* End PBXSourcesBuildPhase section */

/* Begin PBXTargetDependency section */
		C51D7CA22DD69BEE00E6D5EF /* PBXTargetDependency */ = {
			isa = PBXTargetDependency;
			target = C51D7C912DD69BEC00E6D5EF /* torjolan */;
			targetProxy = C51D7CA12DD69BEE00E6D5EF /* PBXContainerItemProxy */;
		};
		C51D7CAC2DD69BEE00E6D5EF /* PBXTargetDependency */ = {
			isa = PBXTargetDependency;
			target = C51D7C912DD69BEC00E6D5EF /* torjolan */;
			targetProxy = C51D7CAB2DD69BEE00E6D5EF /* PBXContainerItemProxy */;
		};
/* End PBXTargetDependency section */

/* Begin XCBuildConfiguration section */
		C51D7CB22DD69BEE00E6D5EF /* Debug */ = {
			isa = XCBuildConfiguration;
			buildSettings = {
				ALWAYS_SEARCH_USER_PATHS = NO;
				ASSETCATALOG_COMPILER_GENERATE_SWIFT_ASSET_SYMBOL_EXTENSIONS = YES;
				CLANG_ANALYZER_NONNULL = YES;
				CLANG_ANALYZER_NUMBER_OBJECT_CONVERSION = YES_AGGRESSIVE;
				CLANG_CXX_LANGUAGE_STANDARD = "gnu++20";
				CLANG_ENABLE_MODULES = YES;
				CLANG_ENABLE_OBJC_ARC = YES;
				CLANG_ENABLE_OBJC_WEAK = YES;
				CLANG_WARN_BLOCK_CAPTURE_AUTORELEASING = YES;
				CLANG_WARN_BOOL_CONVERSION = YES;
				CLANG_WARN_COMMA = YES;
				CLANG_WARN_CONSTANT_CONVERSION = YES;
				CLANG_WARN_DEPRECATED_OBJC_IMPLEMENTATIONS = YES;
				CLANG_WARN_DIRECT_OBJC_ISA_USAGE = YES_ERROR;
				CLANG_WARN_DOCUMENTATION_COMMENTS = YES;
				CLANG_WARN_EMPTY_BODY = YES;
				CLANG_WARN_ENUM_CONVERSION = YES;
				CLANG_WARN_INFINITE_RECURSION = YES;
				CLANG_WARN_INT_CONVERSION = YES;
				CLANG_WARN_NON_LITERAL_NULL_CONVERSION = YES;
				CLANG_WARN_OBJC_IMPLICIT_RETAIN_SELF = YES;
				CLANG_WARN_OBJC_LITERAL_CONVERSION = YES;
				CLANG_WARN_OBJC_ROOT_CLASS = YES_ERROR;
				CLANG_WARN_QUOTED_INCLUDE_IN_FRAMEWORK_HEADER = YES;
				CLANG_WARN_RANGE_LOOP_ANALYSIS = YES;
				CLANG_WARN_STRICT_PROTOTYPES = YES;
				CLANG_WARN_SUSPICIOUS_MOVE = YES;
				CLANG_WARN_UNGUARDED_AVAILABILITY = YES_AGGRESSIVE;
				CLANG_WARN_UNREACHABLE_CODE = YES;
				CLANG_WARN__DUPLICATE_METHOD_MATCH = YES;
				COPY_PHASE_STRIP = NO;
				DEAD_CODE_STRIPPING = YES;
				DEBUG_INFORMATION_FORMAT = dwarf;
				DEVELOPMENT_TEAM = RJAK2J4R9E;
				ENABLE_STRICT_OBJC_MSGSEND = YES;
				ENABLE_TESTABILITY = YES;
				ENABLE_USER_SCRIPT_SANDBOXING = NO;
				GCC_C_LANGUAGE_STANDARD = gnu17;
				GCC_DYNAMIC_NO_PIC = NO;
				GCC_NO_COMMON_BLOCKS = YES;
				GCC_OPTIMIZATION_LEVEL = 0;
				GCC_PREPROCESSOR_DEFINITIONS = (
					"DEBUG=1",
					"$(inherited)",
				);
				GCC_WARN_64_TO_32_BIT_CONVERSION = YES;
				GCC_WARN_ABOUT_RETURN_TYPE = YES_ERROR;
				GCC_WARN_UNDECLARED_SELECTOR = YES;
				GCC_WARN_UNINITIALIZED_AUTOS = YES_AGGRESSIVE;
				GCC_WARN_UNUSED_FUNCTION = YES;
				GCC_WARN_UNUSED_VARIABLE = YES;
				LOCALIZATION_PREFERS_STRING_CATALOGS = YES;
				MTL_ENABLE_DEBUG_INFO = INCLUDE_SOURCE;
				MTL_FAST_MATH = YES;
				ONLY_ACTIVE_ARCH = YES;
				SWIFT_ACTIVE_COMPILATION_CONDITIONS = "DEBUG $(inherited)";
				SWIFT_OPTIMIZATION_LEVEL = "-Onone";
			};
			name = Debug;
		};
		C51D7CB32DD69BEE00E6D5EF /* Release */ = {
			isa = XCBuildConfiguration;
			buildSettings = {
				ALWAYS_SEARCH_USER_PATHS = NO;
				ASSETCATALOG_COMPILER_GENERATE_SWIFT_ASSET_SYMBOL_EXTENSIONS = YES;
				CLANG_ANALYZER_NONNULL = YES;
				CLANG_ANALYZER_NUMBER_OBJECT_CONVERSION = YES_AGGRESSIVE;
				CLANG_CXX_LANGUAGE_STANDARD = "gnu++20";
				CLANG_ENABLE_MODULES = YES;
				CLANG_ENABLE_OBJC_ARC = YES;
				CLANG_ENABLE_OBJC_WEAK = YES;
				CLANG_WARN_BLOCK_CAPTURE_AUTORELEASING = YES;
				CLANG_WARN_BOOL_CONVERSION = YES;
				CLANG_WARN_COMMA = YES;
				CLANG_WARN_CONSTANT_CONVERSION = YES;
				CLANG_WARN_DEPRECATED_OBJC_IMPLEMENTATIONS = YES;
				CLANG_WARN_DIRECT_OBJC_ISA_USAGE = YES_ERROR;
				CLANG_WARN_DOCUMENTATION_COMMENTS = YES;
				CLANG_WARN_EMPTY_BODY = YES;
				CLANG_WARN_ENUM_CONVERSION = YES;
				CLANG_WARN_INFINITE_RECURSION = YES;
				CLANG_WARN_INT_CONVERSION = YES;
				CLANG_WARN_NON_LITERAL_NULL_CONVERSION = YES;
				CLANG_WARN_OBJC_IMPLICIT_RETAIN_SELF = YES;
				CLANG_WARN_OBJC_LITERAL_CONVERSION = YES;
				CLANG_WARN_OBJC_ROOT_CLASS = YES_ERROR;
				CLANG_WARN_QUOTED_INCLUDE_IN_FRAMEWORK_HEADER = YES;
				CLANG_WARN_RANGE_LOOP_ANALYSIS = YES;
				CLANG_WARN_STRICT_PROTOTYPES = YES;
				CLANG_WARN_SUSPICIOUS_MOVE = YES;
				CLANG_WARN_UNGUARDED_AVAILABILITY = YES_AGGRESSIVE;
				CLANG_WARN_UNREACHABLE_CODE = YES;
				CLANG_WARN__DUPLICATE_METHOD_MATCH = YES;
				COPY_PHASE_STRIP = NO;
				DEAD_CODE_STRIPPING = YES;
				DEBUG_INFORMATION_FORMAT = "dwarf-with-dsym";
				DEVELOPMENT_TEAM = RJAK2J4R9E;
				ENABLE_NS_ASSERTIONS = NO;
				ENABLE_STRICT_OBJC_MSGSEND = YES;
				ENABLE_USER_SCRIPT_SANDBOXING = NO;
				GCC_C_LANGUAGE_STANDARD = gnu17;
				GCC_NO_COMMON_BLOCKS = YES;
				GCC_WARN_64_TO_32_BIT_CONVERSION = YES;
				GCC_WARN_ABOUT_RETURN_TYPE = YES_ERROR;
				GCC_WARN_UNDECLARED_SELECTOR = YES;
				GCC_WARN_UNINITIALIZED_AUTOS = YES_AGGRESSIVE;
				GCC_WARN_UNUSED_FUNCTION = YES;
				GCC_WARN_UNUSED_VARIABLE = YES;
				LOCALIZATION_PREFERS_STRING_CATALOGS = YES;
				MTL_ENABLE_DEBUG_INFO = NO;
				MTL_FAST_MATH = YES;
				SWIFT_COMPILATION_MODE = wholemodule;
			};
			name = Release;
		};
		C51D7CB52DD69BEE00E6D5EF /* Debug */ = {
			isa = XCBuildConfiguration;
			baseConfigurationReference = 05EEAEF023DF1DD2EEB8B9B7 /* Pods-torjolan.debug.xcconfig */;
			buildSettings = {
				ASSETCATALOG_COMPILER_APPICON_NAME = AppIcon;
				ASSETCATALOG_COMPILER_GLOBAL_ACCENT_COLOR_NAME = AccentColor;
				CODE_SIGN_ENTITLEMENTS = torjolan/torjolan.entitlements;
				CODE_SIGN_IDENTITY = "Apple Development";
				CODE_SIGN_STYLE = Automatic;
				CURRENT_PROJECT_VERSION = 3;
				DEVELOPMENT_TEAM = RJAK2J4R9E;
				ENABLE_HARDENED_RUNTIME = YES;
				ENABLE_PREVIEWS = YES;
				GENERATE_INFOPLIST_FILE = YES;
				INFOPLIST_FILE = torjolan/Info.plist;
				INFOPLIST_KEY_CFBundleDisplayName = "Tor Jolan";
				INFOPLIST_KEY_NSAppTransportSecurity_NSAllowsLocalNetworking = YES;
				INFOPLIST_KEY_NSAppTransportSecurity_NSExceptionDomains_line72.net_NSExceptionMinimumTLSVersion = TLSv1.2;
				INFOPLIST_KEY_NSAppTransportSecurity_NSExceptionDomains_line72.net_NSIncludesSubdomains = YES;
				INFOPLIST_KEY_UIApplicationSceneManifest_Generation = YES;
				"INFOPLIST_KEY_UIApplicationSceneManifest_Generation[sdk=iphoneos*]" = YES;
				"INFOPLIST_KEY_UIApplicationSceneManifest_Generation[sdk=iphonesimulator*]" = YES;
				INFOPLIST_KEY_UIApplicationSupportsIndirectInputEvents = YES;
				"INFOPLIST_KEY_UIApplicationSupportsIndirectInputEvents[sdk=iphoneos*]" = YES;
				"INFOPLIST_KEY_UIApplicationSupportsIndirectInputEvents[sdk=iphonesimulator*]" = YES;
				INFOPLIST_KEY_UILaunchScreen_Generation = YES;
				"INFOPLIST_KEY_UILaunchScreen_Generation[sdk=iphoneos*]" = YES;
				"INFOPLIST_KEY_UILaunchScreen_Generation[sdk=iphonesimulator*]" = YES;
				INFOPLIST_KEY_UIStatusBarStyle = UIStatusBarStyleDefault;
				"INFOPLIST_KEY_UIStatusBarStyle[sdk=iphoneos*]" = UIStatusBarStyleDefault;
				"INFOPLIST_KEY_UIStatusBarStyle[sdk=iphonesimulator*]" = UIStatusBarStyleDefault;
				INFOPLIST_KEY_UISupportedInterfaceOrientations_iPad = "UIInterfaceOrientationPortrait UIInterfaceOrientationPortraitUpsideDown UIInterfaceOrientationLandscapeLeft UIInterfaceOrientationLandscapeRight";
				INFOPLIST_KEY_UISupportedInterfaceOrientations_iPhone = "UIInterfaceOrientationPortrait UIInterfaceOrientationLandscapeLeft UIInterfaceOrientationLandscapeRight";
				IPHONEOS_DEPLOYMENT_TARGET = 18.4;
				LD_RUNPATH_SEARCH_PATHS = "@executable_path/Frameworks";
				"LD_RUNPATH_SEARCH_PATHS[sdk=macosx*]" = "@executable_path/../Frameworks";
				MACOSX_DEPLOYMENT_TARGET = 15.4;
				MARKETING_VERSION = 0.9.0;
				PRODUCT_BUNDLE_IDENTIFIER = net.line72.torjolan;
				PRODUCT_NAME = "$(TARGET_NAME)";
				PROVISIONING_PROFILE_SPECIFIER = "";
				REGISTER_APP_GROUPS = YES;
				SDKROOT = iphoneos;
				SUPPORTED_PLATFORMS = "iphoneos iphonesimulator";
				SUPPORTS_MACCATALYST = YES;
				SWIFT_EMIT_LOC_STRINGS = YES;
				SWIFT_VERSION = 5.0;
				TARGETED_DEVICE_FAMILY = "1,2";
			};
			name = Debug;
		};
		C51D7CB62DD69BEE00E6D5EF /* Release */ = {
			isa = XCBuildConfiguration;
			baseConfigurationReference = 867D097283147186AC84EA4E /* Pods-torjolan.release.xcconfig */;
			buildSettings = {
				ASSETCATALOG_COMPILER_APPICON_NAME = AppIcon;
				ASSETCATALOG_COMPILER_GLOBAL_ACCENT_COLOR_NAME = AccentColor;
				CODE_SIGN_ENTITLEMENTS = torjolan/torjolan.entitlements;
				CODE_SIGN_IDENTITY = "Apple Development";
				CODE_SIGN_STYLE = Automatic;
				CURRENT_PROJECT_VERSION = 3;
				DEVELOPMENT_TEAM = RJAK2J4R9E;
				ENABLE_HARDENED_RUNTIME = YES;
				ENABLE_PREVIEWS = YES;
				GENERATE_INFOPLIST_FILE = YES;
				INFOPLIST_FILE = torjolan/Info.plist;
				INFOPLIST_KEY_CFBundleDisplayName = "Tor Jolan";
				INFOPLIST_KEY_NSAppTransportSecurity_NSAllowsLocalNetworking = YES;
				INFOPLIST_KEY_NSAppTransportSecurity_NSExceptionDomains_line72.net_NSExceptionMinimumTLSVersion = TLSv1.2;
				INFOPLIST_KEY_NSAppTransportSecurity_NSExceptionDomains_line72.net_NSIncludesSubdomains = YES;
				INFOPLIST_KEY_UIApplicationSceneManifest_Generation = YES;
				"INFOPLIST_KEY_UIApplicationSceneManifest_Generation[sdk=iphoneos*]" = YES;
				"INFOPLIST_KEY_UIApplicationSceneManifest_Generation[sdk=iphonesimulator*]" = YES;
				INFOPLIST_KEY_UIApplicationSupportsIndirectInputEvents = YES;
				"INFOPLIST_KEY_UIApplicationSupportsIndirectInputEvents[sdk=iphoneos*]" = YES;
				"INFOPLIST_KEY_UIApplicationSupportsIndirectInputEvents[sdk=iphonesimulator*]" = YES;
				INFOPLIST_KEY_UILaunchScreen_Generation = YES;
				"INFOPLIST_KEY_UILaunchScreen_Generation[sdk=iphoneos*]" = YES;
				"INFOPLIST_KEY_UILaunchScreen_Generation[sdk=iphonesimulator*]" = YES;
				INFOPLIST_KEY_UIStatusBarStyle = UIStatusBarStyleDefault;
				"INFOPLIST_KEY_UIStatusBarStyle[sdk=iphoneos*]" = UIStatusBarStyleDefault;
				"INFOPLIST_KEY_UIStatusBarStyle[sdk=iphonesimulator*]" = UIStatusBarStyleDefault;
				INFOPLIST_KEY_UISupportedInterfaceOrientations_iPad = "UIInterfaceOrientationPortrait UIInterfaceOrientationPortraitUpsideDown UIInterfaceOrientationLandscapeLeft UIInterfaceOrientationLandscapeRight";
				INFOPLIST_KEY_UISupportedInterfaceOrientations_iPhone = "UIInterfaceOrientationPortrait UIInterfaceOrientationLandscapeLeft UIInterfaceOrientationLandscapeRight";
				IPHONEOS_DEPLOYMENT_TARGET = 18.4;
				LD_RUNPATH_SEARCH_PATHS = "@executable_path/Frameworks";
				"LD_RUNPATH_SEARCH_PATHS[sdk=macosx*]" = "@executable_path/../Frameworks";
				MACOSX_DEPLOYMENT_TARGET = 15.4;
				MARKETING_VERSION = 0.9.0;
				PRODUCT_BUNDLE_IDENTIFIER = net.line72.torjolan;
				PRODUCT_NAME = "$(TARGET_NAME)";
				PROVISIONING_PROFILE_SPECIFIER = "";
				REGISTER_APP_GROUPS = YES;
				SDKROOT = iphoneos;
				SUPPORTED_PLATFORMS = "iphoneos iphonesimulator";
				SUPPORTS_MACCATALYST = YES;
				SWIFT_EMIT_LOC_STRINGS = YES;
				SWIFT_VERSION = 5.0;
				TARGETED_DEVICE_FAMILY = "1,2";
			};
			name = Release;
		};
		C51D7CB82DD69BEE00E6D5EF /* Debug */ = {
			isa = XCBuildConfiguration;
			baseConfigurationReference = 5A6F676EEDA738C2F0513F0A /* Pods-torjolanTests.debug.xcconfig */;
			buildSettings = {
				BUNDLE_LOADER = "$(TEST_HOST)";
				CODE_SIGN_STYLE = Automatic;
				CURRENT_PROJECT_VERSION = 1;
				DEAD_CODE_STRIPPING = YES;
				DEVELOPMENT_TEAM = RJAK2J4R9E;
				GENERATE_INFOPLIST_FILE = YES;
				IPHONEOS_DEPLOYMENT_TARGET = 18.4;
				MACOSX_DEPLOYMENT_TARGET = 15.4;
				MARKETING_VERSION = 1.0;
				PRODUCT_BUNDLE_IDENTIFIER = net.line72.torjolanTests;
				PRODUCT_NAME = "$(TARGET_NAME)";
				SDKROOT = auto;
				SUPPORTED_PLATFORMS = "iphoneos iphonesimulator macosx xros xrsimulator";
				SWIFT_EMIT_LOC_STRINGS = NO;
				SWIFT_VERSION = 5.0;
				TARGETED_DEVICE_FAMILY = "1,2,7";
				TEST_HOST = "$(BUILT_PRODUCTS_DIR)/torjolan.app/$(BUNDLE_EXECUTABLE_FOLDER_PATH)/torjolan";
				XROS_DEPLOYMENT_TARGET = 2.4;
			};
			name = Debug;
		};
		C51D7CB92DD69BEE00E6D5EF /* Release */ = {
			isa = XCBuildConfiguration;
			baseConfigurationReference = 69B66B5694E8D004396BE29F /* Pods-torjolanTests.release.xcconfig */;
			buildSettings = {
				BUNDLE_LOADER = "$(TEST_HOST)";
				CODE_SIGN_STYLE = Automatic;
				CURRENT_PROJECT_VERSION = 1;
				DEAD_CODE_STRIPPING = YES;
				DEVELOPMENT_TEAM = RJAK2J4R9E;
				GENERATE_INFOPLIST_FILE = YES;
				IPHONEOS_DEPLOYMENT_TARGET = 18.4;
				MACOSX_DEPLOYMENT_TARGET = 15.4;
				MARKETING_VERSION = 1.0;
				PRODUCT_BUNDLE_IDENTIFIER = net.line72.torjolanTests;
				PRODUCT_NAME = "$(TARGET_NAME)";
				SDKROOT = auto;
				SUPPORTED_PLATFORMS = "iphoneos iphonesimulator macosx xros xrsimulator";
				SWIFT_EMIT_LOC_STRINGS = NO;
				SWIFT_VERSION = 5.0;
				TARGETED_DEVICE_FAMILY = "1,2,7";
				TEST_HOST = "$(BUILT_PRODUCTS_DIR)/torjolan.app/$(BUNDLE_EXECUTABLE_FOLDER_PATH)/torjolan";
				XROS_DEPLOYMENT_TARGET = 2.4;
			};
			name = Release;
		};
		C51D7CBB2DD69BEE00E6D5EF /* Debug */ = {
			isa = XCBuildConfiguration;
			baseConfigurationReference = A2CD92830B97D93375669040 /* Pods-torjolanUITests.debug.xcconfig */;
			buildSettings = {
				CODE_SIGN_STYLE = Automatic;
				CURRENT_PROJECT_VERSION = 1;
				DEAD_CODE_STRIPPING = YES;
				DEVELOPMENT_TEAM = RJAK2J4R9E;
				GENERATE_INFOPLIST_FILE = YES;
				IPHONEOS_DEPLOYMENT_TARGET = 18.4;
				MACOSX_DEPLOYMENT_TARGET = 15.4;
				MARKETING_VERSION = 1.0;
				PRODUCT_BUNDLE_IDENTIFIER = net.line72.torjolanUITests;
				PRODUCT_NAME = "$(TARGET_NAME)";
				SDKROOT = auto;
				SUPPORTED_PLATFORMS = "iphoneos iphonesimulator macosx xros xrsimulator";
				SWIFT_EMIT_LOC_STRINGS = NO;
				SWIFT_VERSION = 5.0;
				TARGETED_DEVICE_FAMILY = "1,2,7";
				TEST_TARGET_NAME = torjolan;
				XROS_DEPLOYMENT_TARGET = 2.4;
			};
			name = Debug;
		};
		C51D7CBC2DD69BEE00E6D5EF /* Release */ = {
			isa = XCBuildConfiguration;
			baseConfigurationReference = 1A75774BC7EF25A46AB7ECE0 /* Pods-torjolanUITests.release.xcconfig */;
			buildSettings = {
				CODE_SIGN_STYLE = Automatic;
				CURRENT_PROJECT_VERSION = 1;
				DEAD_CODE_STRIPPING = YES;
				DEVELOPMENT_TEAM = RJAK2J4R9E;
				GENERATE_INFOPLIST_FILE = YES;
				IPHONEOS_DEPLOYMENT_TARGET = 18.4;
				MACOSX_DEPLOYMENT_TARGET = 15.4;
				MARKETING_VERSION = 1.0;
				PRODUCT_BUNDLE_IDENTIFIER = net.line72.torjolanUITests;
				PRODUCT_NAME = "$(TARGET_NAME)";
				SDKROOT = auto;
				SUPPORTED_PLATFORMS = "iphoneos iphonesimulator macosx xros xrsimulator";
				SWIFT_EMIT_LOC_STRINGS = NO;
				SWIFT_VERSION = 5.0;
				TARGETED_DEVICE_FAMILY = "1,2,7";
				TEST_TARGET_NAME = torjolan;
				XROS_DEPLOYMENT_TARGET = 2.4;
			};
			name = Release;
		};
/* End XCBuildConfiguration section */

/* Begin XCConfigurationList section */
		C51D7C8D2DD69BEC00E6D5EF /* Build configuration list for PBXProject "torjolan" */ = {
			isa = XCConfigurationList;
			buildConfigurations = (
				C51D7CB22DD69BEE00E6D5EF /* Debug */,
				C51D7CB32DD69BEE00E6D5EF /* Release */,
			);
			defaultConfigurationIsVisible = 0;
			defaultConfigurationName = Release;
		};
		C51D7CB42DD69BEE00E6D5EF /* Build configuration list for PBXNativeTarget "torjolan" */ = {
			isa = XCConfigurationList;
			buildConfigurations = (
				C51D7CB52DD69BEE00E6D5EF /* Debug */,
				C51D7CB62DD69BEE00E6D5EF /* Release */,
			);
			defaultConfigurationIsVisible = 0;
			defaultConfigurationName = Release;
		};
		C51D7CB72DD69BEE00E6D5EF /* Build configuration list for PBXNativeTarget "torjolanTests" */ = {
			isa = XCConfigurationList;
			buildConfigurations = (
				C51D7CB82DD69BEE00E6D5EF /* Debug */,
				C51D7CB92DD69BEE00E6D5EF /* Release */,
			);
			defaultConfigurationIsVisible = 0;
			defaultConfigurationName = Release;
		};
		C51D7CBA2DD69BEE00E6D5EF /* Build configuration list for PBXNativeTarget "torjolanUITests" */ = {
			isa = XCConfigurationList;
			buildConfigurations = (
				C51D7CBB2DD69BEE00E6D5EF /* Debug */,
				C51D7CBC2DD69BEE00E6D5EF /* Release */,
			);
			defaultConfigurationIsVisible = 0;
			defaultConfigurationName = Release;
		};
/* End XCConfigurationList section */
	};
	rootObject = C51D7C8A2DD69BEC00E6D5EF /* Project object */;
}
