// !$*UTF8*$!
{
	archiveVersion = 1;
	classes = {
	};
	objectVersion = 77;
	objects = {

/* Begin PBXContainerItemProxy section */
		C51D7CA12DD69BEE00E6D5EF /* PBXContainerItemProxy */ = {
			isa = PBXContainerItemProxy;
			containerPortal = C51D7C8A2DD69BEC00E6D5EF /* Project object */;
			proxyType = 1;
			remoteGlobalIDString = C51D7C912DD69BEC00E6D5EF;
			remoteInfo = torjolan;
		};
		C51D7CAB2DD69BEE00E6D5EF /* PBXContainerItemProxy */ = {
			isa = PBXContainerItemProxy;
			containerPortal = C51D7C8A2DD69BEC00E6D5EF /* Project object */;
			proxyType = 1;
			remoteGlobalIDString = C51D7C912DD69BEC00E6D5EF;
			remoteInfo = torjolan;
		};
/* End PBXContainerItemProxy section */

/* Begin PBXFileReference section */
		C51D7C922DD69BEC00E6D5EF /* torjolan.app */ = {isa = PBXFileReference; explicitFileType = wrapper.application; includeInIndex = 0; path = torjolan.app; sourceTree = BUILT_PRODUCTS_DIR; };
		C51D7CA02DD69BEE00E6D5EF /* torjolanTests.xctest */ = {isa = PBXFileReference; explicitFileType = wrapper.cfbundle; includeInIndex = 0; path = torjolanTests.xctest; sourceTree = BUILT_PRODUCTS_DIR; };
		C51D7CAA2DD69BEE00E6D5EF /* torjolanUITests.xctest */ = {isa = PBXFileReference; explicitFileType = wrapper.cfbundle; includeInIndex = 0; path = torjolanUITests.xctest; sourceTree = BUILT_PRODUCTS_DIR; };
/* End PBXFileReference section */

/* Begin PBXFileSystemSynchronizedRootGroup section */
		C51D7C942DD69BEC00E6D5EF /* torjolan */ = {
			isa = PBXFileSystemSynchronizedRootGroup;
			path = torjolan;
			sourceTree = "<group>";
		};
		C51D7CA32DD69BEE00E6D5EF /* torjolanTests */ = {
			isa = PBXFileSystemSynchronizedRootGroup;
			path = torjolanTests;
			sourceTree = "<group>";
		};
		C51D7CAD2DD69BEE00E6D5EF /* torjolanUITests */ = {
			isa = PBXFileSystemSynchronizedRootGroup;
			path = torjolanUITests;
			sourceTree = "<group>";
		};
/* End PBXFileSystemSynchronizedRootGroup section */

/* Begin PBXFrameworksBuildPhase section */
		C51D7C8F2DD69BEC00E6D5EF /* Frameworks */ = {
			isa = PBXFrameworksBuildPhase;
			buildActionMask = 2147483647;
			files = (
			);
			runOnlyForDeploymentPostprocessing = 0;
		};
		C51D7C9D2DD69BEE00E6D5EF /* Frameworks */ = {
			isa = PBXFrameworksBuildPhase;
			buildActionMask = 2147483647;
			files = (
			);
			runOnlyForDeploymentPostprocessing = 0;
		};
		C51D7CA72DD69BEE00E6D5EF /* Frameworks */ = {
			isa = PBXFrameworksBuildPhase;
			buildActionMask = 2147483647;
			files = (
			);
			runOnlyForDeploymentPostprocessing = 0;
		};
/* End PBXFrameworksBuildPhase section */

/* Begin PBXGroup section */
		C51D7C892DD69BEC00E6D5EF = {
			isa = PBXGroup;
			children = (
				C51D7C942DD69BEC00E6D5EF /* torjolan */,
				C51D7CA32DD69BEE00E6D5EF /* torjolanTests */,
				C51D7CAD2DD69BEE00E6D5EF /* torjolanUITests */,
				C51D7C932DD69BEC00E6D5EF /* Products */,
			);
			sourceTree = "<group>";
		};
		C51D7C932DD69BEC00E6D5EF /* Products */ = {
			isa = PBXGroup;
			children = (
				C51D7C922DD69BEC00E6D5EF /* torjolan.app */,
				C51D7CA02DD69BEE00E6D5EF /* torjolanTests.xctest */,
				C51D7CAA2DD69BEE00E6D5EF /* torjolanUITests.xctest */,
			);
			name = Products;
			sourceTree = "<group>";
		};
/* End PBXGroup section */

/* Begin PBXNativeTarget section */
		C51D7C912DD69BEC00E6D5EF /* torjolan */ = {
			isa = PBXNativeTarget;
			buildConfigurationList = C51D7CB42DD69BEE00E6D5EF /* Build configuration list for PBXNativeTarget "torjolan" */;
			buildPhases = (
				C51D7C8E2DD69BEC00E6D5EF /* Sources */,
				C51D7C8F2DD69BEC00E6D5EF /* Frameworks */,
				C51D7C902DD69BEC00E6D5EF /* Resources */,
			);
			buildRules = (
			);
			dependencies = (
			);
			fileSystemSynchronizedGroups = (
				C51D7C942DD69BEC00E6D5EF /* torjolan */,
			);
			name = torjolan;
			packageProductDependencies = (
			);
			productName = torjolan;
			productReference = C51D7C922DD69BEC00E6D5EF /* torjolan.app */;
			productType = "com.apple.product-type.application";
		};
		C51D7C9F2DD69BEE00E6D5EF /* torjolanTests */ = {
			isa = PBXNativeTarget;
			buildConfigurationList = C51D7CB72DD69BEE00E6D5EF /* Build configuration list for PBXNativeTarget "torjolanTests" */;
			buildPhases = (
				C51D7C9C2DD69BEE00E6D5EF /* Sources */,
				C51D7C9D2DD69BEE00E6D5EF /* Frameworks */,
				C51D7C9E2DD69BEE00E6D5EF /* Resources */,
			);
			buildRules = (
			);
			dependencies = (
				C51D7CA22DD69BEE00E6D5EF /* PBXTargetDependency */,
			);
			fileSystemSynchronizedGroups = (
				C51D7CA32DD69BEE00E6D5EF /* torjolanTests */,
			);
			name = torjolanTests;
			packageProductDependencies = (
			);
			productName = torjolanTests;
			productReference = C51D7CA02DD69BEE00E6D5EF /* torjolanTests.xctest */;
			productType = "com.apple.product-type.bundle.unit-test";
		};
		C51D7CA92DD69BEE00E6D5EF /* torjolanUITests */ = {
			isa = PBXNativeTarget;
			buildConfigurationList = C51D7CBA2DD69BEE00E6D5EF /* Build configuration list for PBXNativeTarget "torjolanUITests" */;
			buildPhases = (
				C51D7CA62DD69BEE00E6D5EF /* Sources */,
				C51D7CA72DD69BEE00E6D5EF /* Frameworks */,
				C51D7CA82DD69BEE00E6D5EF /* Resources */,
			);
			buildRules = (
			);
			dependencies = (
				C51D7CAC2DD69BEE00E6D5EF /* PBXTargetDependency */,
			);
			fileSystemSynchronizedGroups = (
				C51D7CAD2DD69BEE00E6D5EF /* torjolanUITests */,
			);
			name = torjolanUITests;
			packageProductDependencies = (
			);
			productName = torjolanUITests;
			productReference = C51D7CAA2DD69BEE00E6D5EF /* torjolanUITests.xctest */;
			productType = "com.apple.product-type.bundle.ui-testing";
		};
/* End PBXNativeTarget section */

/* Begin PBXProject section */
		C51D7C8A2DD69BEC00E6D5EF /* Project object */ = {
			isa = PBXProject;
			attributes = {
				BuildIndependentTargetsInParallel = 1;
				LastSwiftUpdateCheck = 1630;
				LastUpgradeCheck = 1630;
				TargetAttributes = {
					C51D7C912DD69BEC00E6D5EF = {
						CreatedOnToolsVersion = 16.3;
					};
					C51D7C9F2DD69BEE00E6D5EF = {
						CreatedOnToolsVersion = 16.3;
						TestTargetID = C51D7C912DD69BEC00E6D5EF;
					};
					C51D7CA92DD69BEE00E6D5EF = {
						CreatedOnToolsVersion = 16.3;
						TestTargetID = C51D7C912DD69BEC00E6D5EF;
					};
				};
			};
			buildConfigurationList = C51D7C8D2DD69BEC00E6D5EF /* Build configuration list for PBXProject "torjolan" */;
			developmentRegion = en;
			hasScannedForEncodings = 0;
			knownRegions = (
				en,
				Base,
			);
			mainGroup = C51D7C892DD69BEC00E6D5EF;
			minimizedProjectReferenceProxies = 1;
			preferredProjectObjectVersion = 77;
			productRefGroup = C51D7C932DD69BEC00E6D5EF /* Products */;
			projectDirPath = "";
			projectRoot = "";
			targets = (
				C51D7C912DD69BEC00E6D5EF /* torjolan */,
				C51D7C9F2DD69BEE00E6D5EF /* torjolanTests */,
				C51D7CA92DD69BEE00E6D5EF /* torjolanUITests */,
			);
		};
/* End PBXProject section */

/* Begin PBXResourcesBuildPhase section */
		C51D7C902DD69BEC00E6D5EF /* Resources */ = {
			isa = PBXResourcesBuildPhase;
			buildActionMask = 2147483647;
			files = (
			);
			runOnlyForDeploymentPostprocessing = 0;
		};
		C51D7C9E2DD69BEE00E6D5EF /* Resources */ = {
			isa = PBXResourcesBuildPhase;
			buildActionMask = 2147483647;
			files = (
			);
			runOnlyForDeploymentPostprocessing = 0;
		};
		C51D7CA82DD69BEE00E6D5EF /* Resources */ = {
			isa = PBXResourcesBuildPhase;
			buildActionMask = 2147483647;
			files = (
			);
			runOnlyForDeploymentPostprocessing = 0;
		};
/* End PBXResourcesBuildPhase section */

/* Begin PBXSourcesBuildPhase section */
		C51D7C8E2DD69BEC00E6D5EF /* Sources */ = {
			isa = PBXSourcesBuildPhase;
			buildActionMask = 2147483647;
			files = (
			);
			runOnlyForDeploymentPostprocessing = 0;
		};
		C51D7C9C2DD69BEE00E6D5EF /* Sources */ = {
			isa = PBXSourcesBuildPhase;
			buildActionMask = 2147483647;
			files = (
			);
			runOnlyForDeploymentPostprocessing = 0;
		};
		C51D7CA62DD69BEE00E6D5EF /* Sources */ = {
			isa = PBXSourcesBuildPhase;
			buildActionMask = 2147483647;
			files = (
			);
			runOnlyForDeploymentPostprocessing = 0;
		};
/* End PBXSourcesBuildPhase section */

/* Begin PBXTargetDependency section */
		C51D7CA22DD69BEE00E6D5EF /* PBXTargetDependency */ = {
			isa = PBXTargetDependency;
			target = C51D7C912DD69BEC00E6D5EF /* torjolan */;
			targetProxy = C51D7CA12DD69BEE00E6D5EF /* PBXContainerItemProxy */;
		};
		C51D7CAC2DD69BEE00E6D5EF /* PBXTargetDependency */ = {
			isa = PBXTargetDependency;
			target = C51D7C912DD69BEC00E6D5EF /* torjolan */;
			targetProxy = C51D7CAB2DD69BEE00E6D5EF /* PBXContainerItemProxy */;
		};
/* End PBXTargetDependency section */

/* Begin XCBuildConfiguration section */
		C51D7CB22DD69BEE00E6D5EF /* Debug */ = {
			isa = XCBuildConfiguration;
			buildSettings = {
				ALWAYS_SEARCH_USER_PATHS = NO;
				ASSETCATALOG_COMPILER_GENERATE_SWIFT_ASSET_SYMBOL_EXTENSIONS = YES;
				CLANG_ANALYZER_NONNULL = YES;
				CLANG_ANALYZER_NUMBER_OBJECT_CONVERSION = YES_AGGRESSIVE;
				CLANG_CXX_LANGUAGE_STANDARD = "gnu++20";
				CLANG_ENABLE_MODULES = YES;
				CLANG_ENABLE_OBJC_ARC = YES;
				CLANG_ENABLE_OBJC_WEAK = YES;
				CLANG_WARN_BLOCK_CAPTURE_AUTORELEASING = YES;
				CLANG_WARN_BOOL_CONVERSION = YES;
				CLANG_WARN_COMMA = YES;
				CLANG_WARN_CONSTANT_CONVERSION = YES;
				CLANG_WARN_DEPRECATED_OBJC_IMPLEMENTATIONS = YES;
				CLANG_WARN_DIRECT_OBJC_ISA_USAGE = YES_ERROR;
				CLANG_WARN_DOCUMENTATION_COMMENTS = YES;
				CLANG_WARN_EMPTY_BODY = YES;
				CLANG_WARN_ENUM_CONVERSION = YES;
				CLANG_WARN_INFINITE_RECURSION = YES;
				CLANG_WARN_INT_CONVERSION = YES;
				CLANG_WARN_NON_LITERAL_NULL_CONVERSION = YES;
				CLANG_WARN_OBJC_IMPLICIT_RETAIN_SELF = YES;
				CLANG_WARN_OBJC_LITERAL_CONVERSION = YES;
				CLANG_WARN_OBJC_ROOT_CLASS = YES_ERROR;
				CLANG_WARN_QUOTED_INCLUDE_IN_FRAMEWORK_HEADER = YES;
				CLANG_WARN_RANGE_LOOP_ANALYSIS = YES;
				CLANG_WARN_STRICT_PROTOTYPES = YES;
				CLANG_WARN_SUSPICIOUS_MOVE = YES;
				CLANG_WARN_UNGUARDED_AVAILABILITY = YES_AGGRESSIVE;
				CLANG_WARN_UNREACHABLE_CODE = YES;
				CLANG_WARN__DUPLICATE_METHOD_MATCH = YES;
				COPY_PHASE_STRIP = NO;
				DEBUG_INFORMATION_FORMAT = dwarf;
				DEVELOPMENT_TEAM = RJAK2J4R9E;
				ENABLE_STRICT_OBJC_MSGSEND = YES;
				ENABLE_TESTABILITY = YES;
				ENABLE_USER_SCRIPT_SANDBOXING = YES;
				GCC_C_LANGUAGE_STANDARD = gnu17;
				GCC_DYNAMIC_NO_PIC = NO;
				GCC_NO_COMMON_BLOCKS = YES;
				GCC_OPTIMIZATION_LEVEL = 0;
				GCC_PREPROCESSOR_DEFINITIONS = (
					"DEBUG=1",
					"$(inherited)",
				);
				GCC_WARN_64_TO_32_BIT_CONVERSION = YES;
				GCC_WARN_ABOUT_RETURN_TYPE = YES_ERROR;
				GCC_WARN_UNDECLARED_SELECTOR = YES;
				GCC_WARN_UNINITIALIZED_AUTOS = YES_AGGRESSIVE;
				GCC_WARN_UNUSED_FUNCTION = YES;
				GCC_WARN_UNUSED_VARIABLE = YES;
				LOCALIZATION_PREFERS_STRING_CATALOGS = YES;
				MTL_ENABLE_DEBUG_INFO = INCLUDE_SOURCE;
				MTL_FAST_MATH = YES;
				ONLY_ACTIVE_ARCH = YES;
				SWIFT_ACTIVE_COMPILATION_CONDITIONS = "DEBUG $(inherited)";
				SWIFT_OPTIMIZATION_LEVEL = "-Onone";
			};
			name = Debug;
		};
		C51D7CB32DD69BEE00E6D5EF /* Release */ = {
			isa = XCBuildConfiguration;
			buildSettings = {
				ALWAYS_SEARCH_USER_PATHS = NO;
				ASSETCATALOG_COMPILER_GENERATE_SWIFT_ASSET_SYMBOL_EXTENSIONS = YES;
				CLANG_ANALYZER_NONNULL = YES;
				CLANG_ANALYZER_NUMBER_OBJECT_CONVERSION = YES_AGGRESSIVE;
				CLANG_CXX_LANGUAGE_STANDARD = "gnu++20";
				CLANG_ENABLE_MODULES = YES;
				CLANG_ENABLE_OBJC_ARC = YES;
				CLANG_ENABLE_OBJC_WEAK = YES;
				CLANG_WARN_BLOCK_CAPTURE_AUTORELEASING = YES;
				CLANG_WARN_BOOL_CONVERSION = YES;
				CLANG_WARN_COMMA = YES;
				CLANG_WARN_CONSTANT_CONVERSION = YES;
				CLANG_WARN_DEPRECATED_OBJC_IMPLEMENTATIONS = YES;
				CLANG_WARN_DIRECT_OBJC_ISA_USAGE = YES_ERROR;
				CLANG_WARN_DOCUMENTATION_COMMENTS = YES;
				CLANG_WARN_EMPTY_BODY = YES;
				CLANG_WARN_ENUM_CONVERSION = YES;
				CLANG_WARN_INFINITE_RECURSION = YES;
				CLANG_WARN_INT_CONVERSION = YES;
				CLANG_WARN_NON_LITERAL_NULL_CONVERSION = YES;
				CLANG_WARN_OBJC_IMPLICIT_RETAIN_SELF = YES;
				CLANG_WARN_OBJC_LITERAL_CONVERSION = YES;
				CLANG_WARN_OBJC_ROOT_CLASS = YES_ERROR;
				CLANG_WARN_QUOTED_INCLUDE_IN_FRAMEWORK_HEADER = YES;
				CLANG_WARN_RANGE_LOOP_ANALYSIS = YES;
				CLANG_WARN_STRICT_PROTOTYPES = YES;
				CLANG_WARN_SUSPICIOUS_MOVE = YES;
				CLANG_WARN_UNGUARDED_AVAILABILITY = YES_AGGRESSIVE;
				CLANG_WARN_UNREACHABLE_CODE = YES;
				CLANG_WARN__DUPLICATE_METHOD_MATCH = YES;
				COPY_PHASE_STRIP = NO;
				DEBUG_INFORMATION_FORMAT = "dwarf-with-dsym";
				DEVELOPMENT_TEAM = RJAK2J4R9E;
				ENABLE_NS_ASSERTIONS = NO;
				ENABLE_STRICT_OBJC_MSGSEND = YES;
				ENABLE_USER_SCRIPT_SANDBOXING = YES;
				GCC_C_LANGUAGE_STANDARD = gnu17;
				GCC_NO_COMMON_BLOCKS = YES;
				GCC_WARN_64_TO_32_BIT_CONVERSION = YES;
				GCC_WARN_ABOUT_RETURN_TYPE = YES_ERROR;
				GCC_WARN_UNDECLARED_SELECTOR = YES;
				GCC_WARN_UNINITIALIZED_AUTOS = YES_AGGRESSIVE;
				GCC_WARN_UNUSED_FUNCTION = YES;
				GCC_WARN_UNUSED_VARIABLE = YES;
				LOCALIZATION_PREFERS_STRING_CATALOGS = YES;
				MTL_ENABLE_DEBUG_INFO = NO;
				MTL_FAST_MATH = YES;
				SWIFT_COMPILATION_MODE = wholemodule;
			};
			name = Release;
		};
		C51D7CB52DD69BEE00E6D5EF /* Debug */ = {
			isa = XCBuildConfiguration;
			buildSettings = {
				ASSETCATALOG_COMPILER_APPICON_NAME = AppIcon;
				ASSETCATALOG_COMPILER_GLOBAL_ACCENT_COLOR_NAME = AccentColor;
				CODE_SIGN_ENTITLEMENTS = torjolan/torjolan.entitlements;
				CODE_SIGN_STYLE = Automatic;
				CURRENT_PROJECT_VERSION = 1;
				DEVELOPMENT_TEAM = RJAK2J4R9E;
				ENABLE_HARDENED_RUNTIME = YES;
				ENABLE_PREVIEWS = YES;
				GENERATE_INFOPLIST_FILE = YES;
				"INFOPLIST_KEY_UIApplicationSceneManifest_Generation[sdk=iphoneos*]" = YES;
				"INFOPLIST_KEY_UIApplicationSceneManifest_Generation[sdk=iphonesimulator*]" = YES;
				"INFOPLIST_KEY_UIApplicationSupportsIndirectInputEvents[sdk=iphoneos*]" = YES;
				"INFOPLIST_KEY_UIApplicationSupportsIndirectInputEvents[sdk=iphonesimulator*]" = YES;
				"INFOPLIST_KEY_UILaunchScreen_Generation[sdk=iphoneos*]" = YES;
				"INFOPLIST_KEY_UILaunchScreen_Generation[sdk=iphonesimulator*]" = YES;
				"INFOPLIST_KEY_UIStatusBarStyle[sdk=iphoneos*]" = UIStatusBarStyleDefault;
				"INFOPLIST_KEY_UIStatusBarStyle[sdk=iphonesimulator*]" = UIStatusBarStyleDefault;
				INFOPLIST_KEY_UISupportedInterfaceOrientations_iPad = "UIInterfaceOrientationPortrait UIInterfaceOrientationPortraitUpsideDown UIInterfaceOrientationLandscapeLeft UIInterfaceOrientationLandscapeRight";
				INFOPLIST_KEY_UISupportedInterfaceOrientations_iPhone = "UIInterfaceOrientationPortrait UIInterfaceOrientationLandscapeLeft UIInterfaceOrientationLandscapeRight";
				IPHONEOS_DEPLOYMENT_TARGET = 18.4;
				LD_RUNPATH_SEARCH_PATHS = "@executable_path/Frameworks";
				"LD_RUNPATH_SEARCH_PATHS[sdk=macosx*]" = "@executable_path/../Frameworks";
				MACOSX_DEPLOYMENT_TARGET = 15.4;
				MARKETING_VERSION = 1.0;
				PRODUCT_BUNDLE_IDENTIFIER = net.line72.torjolan;
				PRODUCT_NAME = "$(TARGET_NAME)";
				REGISTER_APP_GROUPS = YES;
				SDKROOT = iphoneos;
				SUPPORTED_PLATFORMS = "iphoneos iphonesimulator";
				SUPPORTS_MACCATALYST = YES;
				SWIFT_EMIT_LOC_STRINGS = YES;
				SWIFT_VERSION = 5.0;
				TARGETED_DEVICE_FAMILY = "1,2";
			};
			name = Debug;
		};
		C51D7CB62DD69BEE00E6D5EF /* Release */ = {
			isa = XCBuildConfiguration;
			buildSettings = {
				ASSETCATALOG_COMPILER_APPICON_NAME = AppIcon;
				ASSETCATALOG_COMPILER_GLOBAL_ACCENT_COLOR_NAME = AccentColor;
				CODE_SIGN_ENTITLEMENTS = torjolan/torjolan.entitlements;
				CODE_SIGN_STYLE = Automatic;
				CURRENT_PROJECT_VERSION = 1;
				DEVELOPMENT_TEAM = RJAK2J4R9E;
				ENABLE_HARDENED_RUNTIME = YES;
				ENABLE_PREVIEWS = YES;
				GENERATE_INFOPLIST_FILE = YES;
				"INFOPLIST_KEY_UIApplicationSceneManifest_Generation[sdk=iphoneos*]" = YES;
				"INFOPLIST_KEY_UIApplicationSceneManifest_Generation[sdk=iphonesimulator*]" = YES;
				"INFOPLIST_KEY_UIApplicationSupportsIndirectInputEvents[sdk=iphoneos*]" = YES;
				"INFOPLIST_KEY_UIApplicationSupportsIndirectInputEvents[sdk=iphonesimulator*]" = YES;
				"INFOPLIST_KEY_UILaunchScreen_Generation[sdk=iphoneos*]" = YES;
				"INFOPLIST_KEY_UILaunchScreen_Generation[sdk=iphonesimulator*]" = YES;
				"INFOPLIST_KEY_UIStatusBarStyle[sdk=iphoneos*]" = UIStatusBarStyleDefault;
				"INFOPLIST_KEY_UIStatusBarStyle[sdk=iphonesimulator*]" = UIStatusBarStyleDefault;
				INFOPLIST_KEY_UISupportedInterfaceOrientations_iPad = "UIInterfaceOrientationPortrait UIInterfaceOrientationPortraitUpsideDown UIInterfaceOrientationLandscapeLeft UIInterfaceOrientationLandscapeRight";
				INFOPLIST_KEY_UISupportedInterfaceOrientations_iPhone = "UIInterfaceOrientationPortrait UIInterfaceOrientationLandscapeLeft UIInterfaceOrientationLandscapeRight";
				IPHONEOS_DEPLOYMENT_TARGET = 18.4;
				LD_RUNPATH_SEARCH_PATHS = "@executable_path/Frameworks";
				"LD_RUNPATH_SEARCH_PATHS[sdk=macosx*]" = "@executable_path/../Frameworks";
				MACOSX_DEPLOYMENT_TARGET = 15.4;
				MARKETING_VERSION = 1.0;
				PRODUCT_BUNDLE_IDENTIFIER = net.line72.torjolan;
				PRODUCT_NAME = "$(TARGET_NAME)";
				REGISTER_APP_GROUPS = YES;
				SDKROOT = iphoneos;
				SUPPORTED_PLATFORMS = "iphoneos iphonesimulator";
				SUPPORTS_MACCATALYST = YES;
				SWIFT_EMIT_LOC_STRINGS = YES;
				SWIFT_VERSION = 5.0;
				TARGETED_DEVICE_FAMILY = "1,2";
			};
			name = Release;
		};
		C51D7CB82DD69BEE00E6D5EF /* Debug */ = {
			isa = XCBuildConfiguration;
			buildSettings = {
				BUNDLE_LOADER = "$(TEST_HOST)";
				CODE_SIGN_STYLE = Automatic;
				CURRENT_PROJECT_VERSION = 1;
				DEVELOPMENT_TEAM = RJAK2J4R9E;
				GENERATE_INFOPLIST_FILE = YES;
				IPHONEOS_DEPLOYMENT_TARGET = 18.4;
				MACOSX_DEPLOYMENT_TARGET = 15.4;
				MARKETING_VERSION = 1.0;
				PRODUCT_BUNDLE_IDENTIFIER = net.line72.torjolanTests;
				PRODUCT_NAME = "$(TARGET_NAME)";
				SDKROOT = auto;
				SUPPORTED_PLATFORMS = "iphoneos iphonesimulator macosx xros xrsimulator";
				SWIFT_EMIT_LOC_STRINGS = NO;
				SWIFT_VERSION = 5.0;
				TARGETED_DEVICE_FAMILY = "1,2,7";
				TEST_HOST = "$(BUILT_PRODUCTS_DIR)/torjolan.app/$(BUNDLE_EXECUTABLE_FOLDER_PATH)/torjolan";
				XROS_DEPLOYMENT_TARGET = 2.4;
			};
			name = Debug;
		};
		C51D7CB92DD69BEE00E6D5EF /* Release */ = {
			isa = XCBuildConfiguration;
			buildSettings = {
				BUNDLE_LOADER = "$(TEST_HOST)";
				CODE_SIGN_STYLE = Automatic;
				CURRENT_PROJECT_VERSION = 1;
				DEVELOPMENT_TEAM = RJAK2J4R9E;
				GENERATE_INFOPLIST_FILE = YES;
				IPHONEOS_DEPLOYMENT_TARGET = 18.4;
				MACOSX_DEPLOYMENT_TARGET = 15.4;
				MARKETING_VERSION = 1.0;
				PRODUCT_BUNDLE_IDENTIFIER = net.line72.torjolanTests;
				PRODUCT_NAME = "$(TARGET_NAME)";
				SDKROOT = auto;
				SUPPORTED_PLATFORMS = "iphoneos iphonesimulator macosx xros xrsimulator";
				SWIFT_EMIT_LOC_STRINGS = NO;
				SWIFT_VERSION = 5.0;
				TARGETED_DEVICE_FAMILY = "1,2,7";
				TEST_HOST = "$(BUILT_PRODUCTS_DIR)/torjolan.app/$(BUNDLE_EXECUTABLE_FOLDER_PATH)/torjolan";
				XROS_DEPLOYMENT_TARGET = 2.4;
			};
			name = Release;
		};
		C51D7CBB2DD69BEE00E6D5EF /* Debug */ = {
			isa = XCBuildConfiguration;
			buildSettings = {
				CODE_SIGN_STYLE = Automatic;
				CURRENT_PROJECT_VERSION = 1;
				DEVELOPMENT_TEAM = RJAK2J4R9E;
				GENERATE_INFOPLIST_FILE = YES;
				IPHONEOS_DEPLOYMENT_TARGET = 18.4;
				MACOSX_DEPLOYMENT_TARGET = 15.4;
				MARKETING_VERSION = 1.0;
				PRODUCT_BUNDLE_IDENTIFIER = net.line72.torjolanUITests;
				PRODUCT_NAME = "$(TARGET_NAME)";
				SDKROOT = auto;
				SUPPORTED_PLATFORMS = "iphoneos iphonesimulator macosx xros xrsimulator";
				SWIFT_EMIT_LOC_STRINGS = NO;
				SWIFT_VERSION = 5.0;
				TARGETED_DEVICE_FAMILY = "1,2,7";
				TEST_TARGET_NAME = torjolan;
				XROS_DEPLOYMENT_TARGET = 2.4;
			};
			name = Debug;
		};
		C51D7CBC2DD69BEE00E6D5EF /* Release */ = {
			isa = XCBuildConfiguration;
			buildSettings = {
				CODE_SIGN_STYLE = Automatic;
				CURRENT_PROJECT_VERSION = 1;
				DEVELOPMENT_TEAM = RJAK2J4R9E;
				GENERATE_INFOPLIST_FILE = YES;
				IPHONEOS_DEPLOYMENT_TARGET = 18.4;
				MACOSX_DEPLOYMENT_TARGET = 15.4;
				MARKETING_VERSION = 1.0;
				PRODUCT_BUNDLE_IDENTIFIER = net.line72.torjolanUITests;
				PRODUCT_NAME = "$(TARGET_NAME)";
				SDKROOT = auto;
				SUPPORTED_PLATFORMS = "iphoneos iphonesimulator macosx xros xrsimulator";
				SWIFT_EMIT_LOC_STRINGS = NO;
				SWIFT_VERSION = 5.0;
				TARGETED_DEVICE_FAMILY = "1,2,7";
				TEST_TARGET_NAME = torjolan;
				XROS_DEPLOYMENT_TARGET = 2.4;
			};
			name = Release;
		};
/* End XCBuildConfiguration section */

/* Begin XCConfigurationList section */
		C51D7C8D2DD69BEC00E6D5EF /* Build configuration list for PBXProject "torjolan" */ = {
			isa = XCConfigurationList;
			buildConfigurations = (
				C51D7CB22DD69BEE00E6D5EF /* Debug */,
				C51D7CB32DD69BEE00E6D5EF /* Release */,
			);
			defaultConfigurationIsVisible = 0;
			defaultConfigurationName = Release;
		};
		C51D7CB42DD69BEE00E6D5EF /* Build configuration list for PBXNativeTarget "torjolan" */ = {
			isa = XCConfigurationList;
			buildConfigurations = (
				C51D7CB52DD69BEE00E6D5EF /* Debug */,
				C51D7CB62DD69BEE00E6D5EF /* Release */,
			);
			defaultConfigurationIsVisible = 0;
			defaultConfigurationName = Release;
		};
		C51D7CB72DD69BEE00E6D5EF /* Build configuration list for PBXNativeTarget "torjolanTests" */ = {
			isa = XCConfigurationList;
			buildConfigurations = (
				C51D7CB82DD69BEE00E6D5EF /* Debug */,
				C51D7CB92DD69BEE00E6D5EF /* Release */,
			);
			defaultConfigurationIsVisible = 0;
			defaultConfigurationName = Release;
		};
		C51D7CBA2DD69BEE00E6D5EF /* Build configuration list for PBXNativeTarget "torjolanUITests" */ = {
			isa = XCConfigurationList;
			buildConfigurations = (
				C51D7CBB2DD69BEE00E6D5EF /* Debug */,
				C51D7CBC2DD69BEE00E6D5EF /* Release */,
			);
			defaultConfigurationIsVisible = 0;
			defaultConfigurationName = Release;
		};
/* End XCConfigurationList section */
	};
	rootObject = C51D7C8A2DD69BEC00E6D5EF /* Project object */;
}
